
Microsoft Visual Studio Solution File, Format Version 12.00
# Visual Studio Version 17
VisualStudioVersion = 17.0.31903.59
MinimumVisualStudioVersion = 10.0.40219.1
Project("{2150E333-8FDC-42A3-9474-1A3956D46DE8}") = "src", "src", "{827E0CD3-B72D-47B6-A68D-7590B98EB39B}"
EndProject
Project("{FAE04EC0-301F-11D3-BF4B-00C04F79EFBC}") = "Strg.Core", "src\Strg.Core\Strg.Core.csproj", "{6323DFE4-A6E4-41AA-B859-63059924F18D}"
EndProject
Project("{FAE04EC0-301F-11D3-BF4B-00C04F79EFBC}") = "Strg.Infrastructure", "src\Strg.Infrastructure\Strg.Infrastructure.csproj", "{3588935D-F69A-45E4-8E24-85278DD40DDC}"
EndProject
Project("{FAE04EC0-301F-11D3-BF4B-00C04F79EFBC}") = "Strg.GraphQL", "src\Strg.GraphQL\Strg.GraphQL.csproj", "{F30D02EA-CB35-4BB8-A391-43AC7E4460B0}"
EndProject
Project("{FAE04EC0-301F-11D3-BF4B-00C04F79EFBC}") = "Strg.WebDav", "src\Strg.WebDav\Strg.WebDav.csproj", "{BE88275B-5E2A-463A-85E3-51DE27895182}"
EndProject
Project("{FAE04EC0-301F-11D3-BF4B-00C04F79EFBC}") = "Strg.Api", "src\Strg.Api\Strg.Api.csproj", "{AFA870AF-022D-45F3-B403-799E17E0DE54}"
EndProject
Project("{2150E333-8FDC-42A3-9474-1A3956D46DE8}") = "tests", "tests", "{0AB3BF05-4346-4AA6-1389-037BE0695223}"
EndProject
Project("{FAE04EC0-301F-11D3-BF4B-00C04F79EFBC}") = "Strg.Core.Tests", "tests\Strg.Core.Tests\Strg.Core.Tests.csproj", "{381DAC61-28C1-4520-8FDB-C470ECAE3CC4}"
EndProject
Project("{FAE04EC0-301F-11D3-BF4B-00C04F79EFBC}") = "Strg.Api.Tests", "tests\Strg.Api.Tests\Strg.Api.Tests.csproj", "{C73C3B08-454B-47B0-AC36-3B97B5C11FEF}"
EndProject
Project("{FAE04EC0-301F-11D3-BF4B-00C04F79EFBC}") = "Strg.Integration.Tests", "tests\Strg.Integration.Tests\Strg.Integration.Tests.csproj", "{AEDC1576-31F2-4D86-8F4E-6F56A30C812A}"
EndProject
Global
	GlobalSection(SolutionConfigurationPlatforms) = preSolution
		Debug|Any CPU = Debug|Any CPU
		Debug|x64 = Debug|x64
		Debug|x86 = Debug|x86
		Release|Any CPU = Release|Any CPU
		Release|x64 = Release|x64
		Release|x86 = Release|x86
	EndGlobalSection
	GlobalSection(ProjectConfigurationPlatforms) = postSolution
		{6323DFE4-A6E4-41AA-B859-63059924F18D}.Debug|Any CPU.ActiveCfg = Debug|Any CPU
		{6323DFE4-A6E4-41AA-B859-63059924F18D}.Debug|Any CPU.Build.0 = Debug|Any CPU
		{6323DFE4-A6E4-41AA-B859-63059924F18D}.Debug|x64.ActiveCfg = Debug|Any CPU
		{6323DFE4-A6E4-41AA-B859-63059924F18D}.Debug|x64.Build.0 = Debug|Any CPU
		{6323DFE4-A6E4-41AA-B859-63059924F18D}.Debug|x86.ActiveCfg = Debug|Any CPU
		{6323DFE4-A6E4-41AA-B859-63059924F18D}.Debug|x86.Build.0 = Debug|Any CPU
		{6323DFE4-A6E4-41AA-B859-63059924F18D}.Release|Any CPU.ActiveCfg = Release|Any CPU
		{6323DFE4-A6E4-41AA-B859-63059924F18D}.Release|Any CPU.Build.0 = Release|Any CPU
		{6323DFE4-A6E4-41AA-B859-63059924F18D}.Release|x64.ActiveCfg = Release|Any CPU
		{6323DFE4-A6E4-41AA-B859-63059924F18D}.Release|x64.Build.0 = Release|Any CPU
		{6323DFE4-A6E4-41AA-B859-63059924F18D}.Release|x86.ActiveCfg = Release|Any CPU
		{6323DFE4-A6E4-41AA-B859-63059924F18D}.Release|x86.Build.0 = Release|Any CPU
		{3588935D-F69A-45E4-8E24-85278DD40DDC}.Debug|Any CPU.ActiveCfg = Debug|Any CPU
		{3588935D-F69A-45E4-8E24-85278DD40DDC}.Debug|Any CPU.Build.0 = Debug|Any CPU
		{3588935D-F69A-45E4-8E24-85278DD40DDC}.Debug|x64.ActiveCfg = Debug|Any CPU
		{3588935D-F69A-45E4-8E24-85278DD40DDC}.Debug|x64.Build.0 = Debug|Any CPU
		{3588935D-F69A-45E4-8E24-85278DD40DDC}.Debug|x86.ActiveCfg = Debug|Any CPU
		{3588935D-F69A-45E4-8E24-85278DD40DDC}.Debug|x86.Build.0 = Debug|Any CPU
		{3588935D-F69A-45E4-8E24-85278DD40DDC}.Release|Any CPU.ActiveCfg = Release|Any CPU
		{3588935D-F69A-45E4-8E24-85278DD40DDC}.Release|Any CPU.Build.0 = Release|Any CPU
		{3588935D-F69A-45E4-8E24-85278DD40DDC}.Release|x64.ActiveCfg = Release|Any CPU
		{3588935D-F69A-45E4-8E24-85278DD40DDC}.Release|x64.Build.0 = Release|Any CPU
		{3588935D-F69A-45E4-8E24-85278DD40DDC}.Release|x86.ActiveCfg = Release|Any CPU
		{3588935D-F69A-45E4-8E24-85278DD40DDC}.Release|x86.Build.0 = Release|Any CPU
		{F30D02EA-CB35-4BB8-A391-43AC7E4460B0}.Debug|Any CPU.ActiveCfg = Debug|Any CPU
		{F30D02EA-CB35-4BB8-A391-43AC7E4460B0}.Debug|Any CPU.Build.0 = Debug|Any CPU
		{F30D02EA-CB35-4BB8-A391-43AC7E4460B0}.Debug|x64.ActiveCfg = Debug|Any CPU
		{F30D02EA-CB35-4BB8-A391-43AC7E4460B0}.Debug|x64.Build.0 = Debug|Any CPU
		{F30D02EA-CB35-4BB8-A391-43AC7E4460B0}.Debug|x86.ActiveCfg = Debug|Any CPU
		{F30D02EA-CB35-4BB8-A391-43AC7E4460B0}.Debug|x86.Build.0 = Debug|Any CPU
		{F30D02EA-CB35-4BB8-A391-43AC7E4460B0}.Release|Any CPU.ActiveCfg = Release|Any CPU
		{F30D02EA-CB35-4BB8-A391-43AC7E4460B0}.Release|Any CPU.Build.0 = Release|Any CPU
		{F30D02EA-CB35-4BB8-A391-43AC7E4460B0}.Release|x64.ActiveCfg = Release|Any CPU
		{F30D02EA-CB35-4BB8-A391-43AC7E4460B0}.Release|x64.Build.0 = Release|Any CPU
		{F30D02EA-CB35-4BB8-A391-43AC7E4460B0}.Release|x86.ActiveCfg = Release|Any CPU
		{F30D02EA-CB35-4BB8-A391-43AC7E4460B0}.Release|x86.Build.0 = Release|Any CPU
		{BE88275B-5E2A-463A-85E3-51DE27895182}.Debug|Any CPU.ActiveCfg = Debug|Any CPU
		{BE88275B-5E2A-463A-85E3-51DE27895182}.Debug|Any CPU.Build.0 = Debug|Any CPU
		{BE88275B-5E2A-463A-85E3-51DE27895182}.Debug|x64.ActiveCfg = Debug|Any CPU
		{BE88275B-5E2A-463A-85E3-51DE27895182}.Debug|x64.Build.0 = Debug|Any CPU
		{BE88275B-5E2A-463A-85E3-51DE27895182}.Debug|x86.ActiveCfg = Debug|Any CPU
		{BE88275B-5E2A-463A-85E3-51DE27895182}.Debug|x86.Build.0 = Debug|Any CPU
		{BE88275B-5E2A-463A-85E3-51DE27895182}.Release|Any CPU.ActiveCfg = Release|Any CPU
		{BE88275B-5E2A-463A-85E3-51DE27895182}.Release|Any CPU.Build.0 = Release|Any CPU
		{BE88275B-5E2A-463A-85E3-51DE27895182}.Release|x64.ActiveCfg = Release|Any CPU
		{BE88275B-5E2A-463A-85E3-51DE27895182}.Release|x64.Build.0 = Release|Any CPU
		{BE88275B-5E2A-463A-85E3-51DE27895182}.Release|x86.ActiveCfg = Release|Any CPU
		{BE88275B-5E2A-463A-85E3-51DE27895182}.Release|x86.Build.0 = Release|Any CPU
		{AFA870AF-022D-45F3-B403-799E17E0DE54}.Debug|Any CPU.ActiveCfg = Debug|Any CPU
		{AFA870AF-022D-45F3-B403-799E17E0DE54}.Debug|Any CPU.Build.0 = Debug|Any CPU
		{AFA870AF-022D-45F3-B403-799E17E0DE54}.Debug|x64.ActiveCfg = Debug|Any CPU
		{AFA870AF-022D-45F3-B403-799E17E0DE54}.Debug|x64.Build.0 = Debug|Any CPU
		{AFA870AF-022D-45F3-B403-799E17E0DE54}.Debug|x86.ActiveCfg = Debug|Any CPU
		{AFA870AF-022D-45F3-B403-799E17E0DE54}.Debug|x86.Build.0 = Debug|Any CPU
		{AFA870AF-022D-45F3-B403-799E17E0DE54}.Release|Any CPU.ActiveCfg = Release|Any CPU
		{AFA870AF-022D-45F3-B403-799E17E0DE54}.Release|Any CPU.Build.0 = Release|Any CPU
		{AFA870AF-022D-45F3-B403-799E17E0DE54}.Release|x64.ActiveCfg = Release|Any CPU
		{AFA870AF-022D-45F3-B403-799E17E0DE54}.Release|x64.Build.0 = Release|Any CPU
		{AFA870AF-022D-45F3-B403-799E17E0DE54}.Release|x86.ActiveCfg = Release|Any CPU
		{AFA870AF-022D-45F3-B403-799E17E0DE54}.Release|x86.Build.0 = Release|Any CPU
		{381DAC61-28C1-4520-8FDB-C470ECAE3CC4}.Debug|Any CPU.ActiveCfg = Debug|Any CPU
		{381DAC61-28C1-4520-8FDB-C470ECAE3CC4}.Debug|Any CPU.Build.0 = Debug|Any CPU
		{381DAC61-28C1-4520-8FDB-C470ECAE3CC4}.Debug|x64.ActiveCfg = Debug|Any CPU
		{381DAC61-28C1-4520-8FDB-C470ECAE3CC4}.Debug|x64.Build.0 = Debug|Any CPU
		{381DAC61-28C1-4520-8FDB-C470ECAE3CC4}.Debug|x86.ActiveCfg = Debug|Any CPU
		{381DAC61-28C1-4520-8FDB-C470ECAE3CC4}.Debug|x86.Build.0 = Debug|Any CPU
		{381DAC61-28C1-4520-8FDB-C470ECAE3CC4}.Release|Any CPU.ActiveCfg = Release|Any CPU
		{381DAC61-28C1-4520-8FDB-C470ECAE3CC4}.Release|Any CPU.Build.0 = Release|Any CPU
		{381DAC61-28C1-4520-8FDB-C470ECAE3CC4}.Release|x64.ActiveCfg = Release|Any CPU
		{381DAC61-28C1-4520-8FDB-C470ECAE3CC4}.Release|x64.Build.0 = Release|Any CPU
		{381DAC61-28C1-4520-8FDB-C470ECAE3CC4}.Release|x86.ActiveCfg = Release|Any CPU
		{381DAC61-28C1-4520-8FDB-C470ECAE3CC4}.Release|x86.Build.0 = Release|Any CPU
		{C73C3B08-454B-47B0-AC36-3B97B5C11FEF}.Debug|Any CPU.ActiveCfg = Debug|Any CPU
		{C73C3B08-454B-47B0-AC36-3B97B5C11FEF}.Debug|Any CPU.Build.0 = Debug|Any CPU
		{C73C3B08-454B-47B0-AC36-3B97B5C11FEF}.Debug|x64.ActiveCfg = Debug|Any CPU
		{C73C3B08-454B-47B0-AC36-3B97B5C11FEF}.Debug|x64.Build.0 = Debug|Any CPU
		{C73C3B08-454B-47B0-AC36-3B97B5C11FEF}.Debug|x86.ActiveCfg = Debug|Any CPU
		{C73C3B08-454B-47B0-AC36-3B97B5C11FEF}.Debug|x86.Build.0 = Debug|Any CPU
		{C73C3B08-454B-47B0-AC36-3B97B5C11FEF}.Release|Any CPU.ActiveCfg = Release|Any CPU
		{C73C3B08-454B-47B0-AC36-3B97B5C11FEF}.Release|Any CPU.Build.0 = Release|Any CPU
		{C73C3B08-454B-47B0-AC36-3B97B5C11FEF}.Release|x64.ActiveCfg = Release|Any CPU
		{C73C3B08-454B-47B0-AC36-3B97B5C11FEF}.Release|x64.Build.0 = Release|Any CPU
		{C73C3B08-454B-47B0-AC36-3B97B5C11FEF}.Release|x86.ActiveCfg = Release|Any CPU
		{C73C3B08-454B-47B0-AC36-3B97B5C11FEF}.Release|x86.Build.0 = Release|Any CPU
		{AEDC1576-31F2-4D86-8F4E-6F56A30C812A}.Debug|Any CPU.ActiveCfg = Debug|Any CPU
		{AEDC1576-31F2-4D86-8F4E-6F56A30C812A}.Debug|Any CPU.Build.0 = Debug|Any CPU
		{AEDC1576-31F2-4D86-8F4E-6F56A30C812A}.Debug|x64.ActiveCfg = Debug|Any CPU
		{AEDC1576-31F2-4D86-8F4E-6F56A30C812A}.Debug|x64.Build.0 = Debug|Any CPU
		{AEDC1576-31F2-4D86-8F4E-6F56A30C812A}.Debug|x86.ActiveCfg = Debug|Any CPU
		{AEDC1576-31F2-4D86-8F4E-6F56A30C812A}.Debug|x86.Build.0 = Debug|Any CPU
		{AEDC1576-31F2-4D86-8F4E-6F56A30C812A}.Release|Any CPU.ActiveCfg = Release|Any CPU
		{AEDC1576-31F2-4D86-8F4E-6F56A30C812A}.Release|Any CPU.Build.0 = Release|Any CPU
		{AEDC1576-31F2-4D86-8F4E-6F56A30C812A}.Release|x64.ActiveCfg = Release|Any CPU
		{AEDC1576-31F2-4D86-8F4E-6F56A30C812A}.Release|x64.Build.0 = Release|Any CPU
		{AEDC1576-31F2-4D86-8F4E-6F56A30C812A}.Release|x86.ActiveCfg = Release|Any CPU
		{AEDC1576-31F2-4D86-8F4E-6F56A30C812A}.Release|x86.Build.0 = Release|Any CPU
	EndGlobalSection
	GlobalSection(SolutionProperties) = preSolution
		HideSolutionNode = FALSE
	EndGlobalSection
	GlobalSection(NestedProjects) = preSolution
		{6323DFE4-A6E4-41AA-B859-63059924F18D} = {827E0CD3-B72D-47B6-A68D-7590B98EB39B}
		{3588935D-F69A-45E4-8E24-85278DD40DDC} = {827E0CD3-B72D-47B6-A68D-7590B98EB39B}
		{F30D02EA-CB35-4BB8-A391-43AC7E4460B0} = {827E0CD3-B72D-47B6-A68D-7590B98EB39B}
		{BE88275B-5E2A-463A-85E3-51DE27895182} = {827E0CD3-B72D-47B6-A68D-7590B98EB39B}
		{AFA870AF-022D-45F3-B403-799E17E0DE54} = {827E0CD3-B72D-47B6-A68D-7590B98EB39B}
		{381DAC61-28C1-4520-8FDB-C470ECAE3CC4} = {0AB3BF05-4346-4AA6-1389-037BE0695223}
		{C73C3B08-454B-47B0-AC36-3B97B5C11FEF} = {0AB3BF05-4346-4AA6-1389-037BE0695223}
		{AEDC1576-31F2-4D86-8F4E-6F56A30C812A} = {0AB3BF05-4346-4AA6-1389-037BE0695223}
	EndGlobalSection
EndGlobal
